
Microsoft Visual Studio Solution File, Format Version 12.00
# Visual Studio Version 17
VisualStudioVersion = 17.0.31903.59
MinimumVisualStudioVersion = 10.0.40219.1
Project("{2150E333-8FDC-42A3-9474-1A3956D46DE8}") = "src", "src", "{A2CB1BCE-8A07-4ACE-8775-7EDE4F0A263A}"
EndProject
Project("{FAE04EC0-301F-11D3-BF4B-00C04F79EFBC}") = "ToDoList.Domain", "src\ToDoList.Domain\ToDoList.Domain.csproj", "{656DEC10-99B7-4636-AE78-FC1DF2609528}"
EndProject
Project("{FAE04EC0-301F-11D3-BF4B-00C04F79EFBC}") = "ToDoList.Application", "src\ToDoList.Application\ToDoList.Application.csproj", "{BF21EE62-4D46-499D-934C-E777623AB6A8}"
EndProject
Project("{FAE04EC0-301F-11D3-BF4B-00C04F79EFBC}") = "ToDoList.WebApi", "src\ToDoList.WebApi\ToDoList.WebApi.csproj", "{3C02E7D1-D100-4F0D-8870-4E7BC47224BE}"
EndProject
Project("{2150E333-8FDC-42A3-9474-1A3956D46DE8}") = "tests", "tests", "{76B6611B-30A3-4D61-83BA-78C06B835329}"
EndProject
Project("{FAE04EC0-301F-11D3-BF4B-00C04F79EFBC}") = "ToDoList.Application.Tests", "tests\ToDoList.Application.Tests\ToDoList.Application.Tests.csproj", "{D2E0C65E-91D2-40EE-87A5-624E8C690B3A}"
EndProject
Project("{FAE04EC0-301F-11D3-BF4B-00C04F79EFBC}") = "ToDoList.Domain.Tests", "tests\ToDoList.Domain.Tests\ToDoList.Domain.Tests.csproj", "{59895B13-D333-4652-A2F6-B6686F69F2D9}"
EndProject
Global
	GlobalSection(SolutionConfigurationPlatforms) = preSolution
		Debug|Any CPU = Debug|Any CPU
		Release|Any CPU = Release|Any CPU
	EndGlobalSection
	GlobalSection(SolutionProperties) = preSolution
		HideSolutionNode = FALSE
	EndGlobalSection
	GlobalSection(ProjectConfigurationPlatforms) = postSolution
		{E4175683-14CE-439C-A6A3-285CAF470219}.Debug|Any CPU.ActiveCfg = Debug|Any CPU
		{E4175683-14CE-439C-A6A3-285CAF470219}.Debug|Any CPU.Build.0 = Debug|Any CPU
		{E4175683-14CE-439C-A6A3-285CAF470219}.Release|Any CPU.ActiveCfg = Release|Any CPU
		{E4175683-14CE-439C-A6A3-285CAF470219}.Release|Any CPU.Build.0 = Release|Any CPU
		{8D641CCF-88DB-4F55-8DF9-B4DB3C165A5F}.Debug|Any CPU.ActiveCfg = Debug|Any CPU
		{8D641CCF-88DB-4F55-8DF9-B4DB3C165A5F}.Debug|Any CPU.Build.0 = Debug|Any CPU
		{8D641CCF-88DB-4F55-8DF9-B4DB3C165A5F}.Release|Any CPU.ActiveCfg = Release|Any CPU
		{8D641CCF-88DB-4F55-8DF9-B4DB3C165A5F}.Release|Any CPU.Build.0 = Release|Any CPU
		{656DEC10-99B7-4636-AE78-FC1DF2609528}.Debug|Any CPU.ActiveCfg = Debug|Any CPU
		{656DEC10-99B7-4636-AE78-FC1DF2609528}.Debug|Any CPU.Build.0 = Debug|Any CPU
		{656DEC10-99B7-4636-AE78-FC1DF2609528}.Release|Any CPU.ActiveCfg = Release|Any CPU
		{656DEC10-99B7-4636-AE78-FC1DF2609528}.Release|Any CPU.Build.0 = Release|Any CPU
		{BF21EE62-4D46-499D-934C-E777623AB6A8}.Debug|Any CPU.ActiveCfg = Debug|Any CPU
		{BF21EE62-4D46-499D-934C-E777623AB6A8}.Debug|Any CPU.Build.0 = Debug|Any CPU
		{BF21EE62-4D46-499D-934C-E777623AB6A8}.Release|Any CPU.ActiveCfg = Release|Any CPU
		{BF21EE62-4D46-499D-934C-E777623AB6A8}.Release|Any CPU.Build.0 = Release|Any CPU
		{3C02E7D1-D100-4F0D-8870-4E7BC47224BE}.Debug|Any CPU.ActiveCfg = Debug|Any CPU
		{3C02E7D1-D100-4F0D-8870-4E7BC47224BE}.Debug|Any CPU.Build.0 = Debug|Any CPU
		{3C02E7D1-D100-4F0D-8870-4E7BC47224BE}.Release|Any CPU.ActiveCfg = Release|Any CPU
		{3C02E7D1-D100-4F0D-8870-4E7BC47224BE}.Release|Any CPU.Build.0 = Release|Any CPU
		{D2E0C65E-91D2-40EE-87A5-624E8C690B3A}.Debug|Any CPU.ActiveCfg = Debug|Any CPU
		{D2E0C65E-91D2-40EE-87A5-624E8C690B3A}.Debug|Any CPU.Build.0 = Debug|Any CPU
		{D2E0C65E-91D2-40EE-87A5-624E8C690B3A}.Release|Any CPU.ActiveCfg = Release|Any CPU
		{D2E0C65E-91D2-40EE-87A5-624E8C690B3A}.Release|Any CPU.Build.0 = Release|Any CPU
		{59895B13-D333-4652-A2F6-B6686F69F2D9}.Debug|Any CPU.ActiveCfg = Debug|Any CPU
		{59895B13-D333-4652-A2F6-B6686F69F2D9}.Debug|Any CPU.Build.0 = Debug|Any CPU
		{59895B13-D333-4652-A2F6-B6686F69F2D9}.Release|Any CPU.ActiveCfg = Release|Any CPU
		{59895B13-D333-4652-A2F6-B6686F69F2D9}.Release|Any CPU.Build.0 = Release|Any CPU
	EndGlobalSection
	GlobalSection(NestedProjects) = preSolution
		{656DEC10-99B7-4636-AE78-FC1DF2609528} = {A2CB1BCE-8A07-4ACE-8775-7EDE4F0A263A}
		{BF21EE62-4D46-499D-934C-E777623AB6A8} = {A2CB1BCE-8A07-4ACE-8775-7EDE4F0A263A}
		{3C02E7D1-D100-4F0D-8870-4E7BC47224BE} = {A2CB1BCE-8A07-4ACE-8775-7EDE4F0A263A}
		{D2E0C65E-91D2-40EE-87A5-624E8C690B3A} = {76B6611B-30A3-4D61-83BA-78C06B835329}
		{59895B13-D333-4652-A2F6-B6686F69F2D9} = {76B6611B-30A3-4D61-83BA-78C06B835329}
	EndGlobalSection
EndGlobal
